
Microsoft Visual Studio Solution File, Format Version 12.00
# Visual Studio 15
VisualStudioVersion = 15.0.28010.2003
MinimumVisualStudioVersion = 10.0.40219.1
Project("{FAE04EC0-301F-11D3-BF4B-00C04F79EFBC}") = "AzureSearchDocuments", "AzureSearchDocuments\AzureSearchDocuments.csproj", "{64CA5BB5-711F-44DD-AAC2-6C6C6378CC4B}"
EndProject
Global
	GlobalSection(SolutionConfigurationPlatforms) = preSolution
		Debug|Any CPU = Debug|Any CPU
		Release|Any CPU = Release|Any CPU
	EndGlobalSection
	GlobalSection(ProjectConfigurationPlatforms) = postSolution
		{64CA5BB5-711F-44DD-AAC2-6C6C6378CC4B}.Debug|Any CPU.ActiveCfg = Debug|Any CPU
		{64CA5BB5-711F-44DD-AAC2-6C6C6378CC4B}.Debug|Any CPU.Build.0 = Debug|Any CPU
		{64CA5BB5-711F-44DD-AAC2-6C6C6378CC4B}.Release|Any CPU.ActiveCfg = Release|Any CPU
		{64CA5BB5-711F-44DD-AAC2-6C6C6378CC4B}.Release|Any CPU.Build.0 = Release|Any CPU
	EndGlobalSection
	GlobalSection(SolutionProperties) = preSolution
		HideSolutionNode = FALSE
	EndGlobalSection
	GlobalSection(ExtensibilityGlobals) = postSolution
		SolutionGuid = {2E4C67DD-6E74-4C11-A970-C86138979B94}
	EndGlobalSection
EndGlobal
